
Microsoft Visual Studio Solution File, Format Version 12.00
# Visual Studio Version 17
VisualStudioVersion = 17.13.35931.197 d17.13
MinimumVisualStudioVersion = 10.0.40219.1
Project("{FAE04EC0-301F-11D3-BF4B-00C04F79EFBC}") = "SpecifiedOperationsResults", "SpecifiedOperationsResults\SpecifiedOperationsResults.csproj", "{46C33AF5-444E-40AB-98E9-52F2BA012F98}"
EndProject
Global
	GlobalSection(SolutionConfigurationPlatforms) = preSolution
		Debug|Any CPU = Debug|Any CPU
		Release|Any CPU = Release|Any CPU
	EndGlobalSection
	GlobalSection(ProjectConfigurationPlatforms) = postSolution
		{46C33AF5-444E-40AB-98E9-52F2BA012F98}.Debug|Any CPU.ActiveCfg = Debug|Any CPU
		{46C33AF5-444E-40AB-98E9-52F2BA012F98}.Debug|Any CPU.Build.0 = Debug|Any CPU
		{46C33AF5-444E-40AB-98E9-52F2BA012F98}.Release|Any CPU.ActiveCfg = Release|Any CPU
		{46C33AF5-444E-40AB-98E9-52F2BA012F98}.Release|Any CPU.Build.0 = Release|Any CPU
	EndGlobalSection
	GlobalSection(SolutionProperties) = preSolution
		HideSolutionNode = FALSE
	EndGlobalSection
	GlobalSection(ExtensibilityGlobals) = postSolution
		SolutionGuid = {B65801A3-866F-4827-9181-7EB1133C60B4}
	EndGlobalSection
EndGlobal
