
Microsoft Visual Studio Solution File, Format Version 12.00
# Visual Studio Version 17
VisualStudioVersion = 17.13.35931.197 d17.13
MinimumVisualStudioVersion = 10.0.40219.1
Project("{FAE04EC0-301F-11D3-BF4B-00C04F79EFBC}") = "SwapTwoNumbers", "SwapTwoNumbers\SwapTwoNumbers.csproj", "{5924B620-0510-420E-A01C-EA23C9A37FCD}"
EndProject
Global
	GlobalSection(SolutionConfigurationPlatforms) = preSolution
		Debug|Any CPU = Debug|Any CPU
		Release|Any CPU = Release|Any CPU
	EndGlobalSection
	GlobalSection(ProjectConfigurationPlatforms) = postSolution
		{5924B620-0510-420E-A01C-EA23C9A37FCD}.Debug|Any CPU.ActiveCfg = Debug|Any CPU
		{5924B620-0510-420E-A01C-EA23C9A37FCD}.Debug|Any CPU.Build.0 = Debug|Any CPU
		{5924B620-0510-420E-A01C-EA23C9A37FCD}.Release|Any CPU.ActiveCfg = Release|Any CPU
		{5924B620-0510-420E-A01C-EA23C9A37FCD}.Release|Any CPU.Build.0 = Release|Any CPU
	EndGlobalSection
	GlobalSection(SolutionProperties) = preSolution
		HideSolutionNode = FALSE
	EndGlobalSection
	GlobalSection(ExtensibilityGlobals) = postSolution
		SolutionGuid = {B3B29F38-6168-41E3-91FB-5540C157D130}
	EndGlobalSection
EndGlobal
