
Microsoft Visual Studio Solution File, Format Version 12.00
# Visual Studio Version 17
VisualStudioVersion = 17.13.35931.197 d17.13
MinimumVisualStudioVersion = 10.0.40219.1
Project("{FAE04EC0-301F-11D3-BF4B-00C04F79EFBC}") = "SumOfTwoNumbers", "SumOfTwoNumbers\SumOfTwoNumbers.csproj", "{2367CC50-63A6-4966-8C4B-1B0C66B5F1ED}"
EndProject
Global
	GlobalSection(SolutionConfigurationPlatforms) = preSolution
		Debug|Any CPU = Debug|Any CPU
		Release|Any CPU = Release|Any CPU
	EndGlobalSection
	GlobalSection(ProjectConfigurationPlatforms) = postSolution
		{2367CC50-63A6-4966-8C4B-1B0C66B5F1ED}.Debug|Any CPU.ActiveCfg = Debug|Any CPU
		{2367CC50-63A6-4966-8C4B-1B0C66B5F1ED}.Debug|Any CPU.Build.0 = Debug|Any CPU
		{2367CC50-63A6-4966-8C4B-1B0C66B5F1ED}.Release|Any CPU.ActiveCfg = Release|Any CPU
		{2367CC50-63A6-4966-8C4B-1B0C66B5F1ED}.Release|Any CPU.Build.0 = Release|Any CPU
	EndGlobalSection
	GlobalSection(SolutionProperties) = preSolution
		HideSolutionNode = FALSE
	EndGlobalSection
	GlobalSection(ExtensibilityGlobals) = postSolution
		SolutionGuid = {26F98C75-CE7C-4145-978A-622E4EA625AA}
	EndGlobalSection
EndGlobal
